// !$*UTF8*$!
{
	archiveVersion = 1;
	classes = {
	};
	objectVersion = 48;
	objects = {

/* Begin PBXBuildFile section */
		C73921031FC7F98A004891E6 /* AppDelegate.m in Sources */ = {isa = PBXBuildFile; fileRef = C73921021FC7F98A004891E6 /* AppDelegate.m */; };
		C739210B1FC7F98A004891E6 /* Assets.xcassets in Resources */ = {isa = PBXBuildFile; fileRef = C739210A1FC7F98A004891E6 /* Assets.xcassets */; };
		C739210E1FC7F98A004891E6 /* LaunchScreen.storyboard in Resources */ = {isa = PBXBuildFile; fileRef = C739210C1FC7F98A004891E6 /* LaunchScreen.storyboard */; };
		C73921111FC7F98A004891E6 /* main.m in Sources */ = {isa = PBXBuildFile; fileRef = C73921101FC7F98A004891E6 /* main.m */; };
		C739211B1FC7F98A004891E6 /* zhikeTests.m in Sources */ = {isa = PBXBuildFile; fileRef = C739211A1FC7F98A004891E6 /* zhikeTests.m */; };
		C73921261FC7F98B004891E6 /* zhikeUITests.m in Sources */ = {isa = PBXBuildFile; fileRef = C73921251FC7F98B004891E6 /* zhikeUITests.m */; };
		C73921351FC7FBA2004891E6 /* BaseNavigationController.m in Sources */ = {isa = PBXBuildFile; fileRef = C73921341FC7FBA2004891E6 /* BaseNavigationController.m */; };
		C73921381FC7FBD5004891E6 /* BaseTabBarController.m in Sources */ = {isa = PBXBuildFile; fileRef = C73921371FC7FBD5004891E6 /* BaseTabBarController.m */; };
		C739214C1FC7FD43004891E6 /* HomeViewController.m in Sources */ = {isa = PBXBuildFile; fileRef = C739214A1FC7FD43004891E6 /* HomeViewController.m */; };
		C739214D1FC7FD43004891E6 /* HomeViewController.xib in Resources */ = {isa = PBXBuildFile; fileRef = C739214B1FC7FD43004891E6 /* HomeViewController.xib */; };
		C73921511FC7FD56004891E6 /* QuestionViewController.m in Sources */ = {isa = PBXBuildFile; fileRef = C739214F1FC7FD56004891E6 /* QuestionViewController.m */; };
		C73921521FC7FD56004891E6 /* QuestionViewController.xib in Resources */ = {isa = PBXBuildFile; fileRef = C73921501FC7FD56004891E6 /* QuestionViewController.xib */; };
		C73921561FC7FD62004891E6 /* MineViewController.m in Sources */ = {isa = PBXBuildFile; fileRef = C73921541FC7FD62004891E6 /* MineViewController.m */; };
		C73921571FC7FD62004891E6 /* MineViewController.xib in Resources */ = {isa = PBXBuildFile; fileRef = C73921551FC7FD62004891E6 /* MineViewController.xib */; };
		C73921721FCD1765004891E6 /* YQLRUManager.m in Sources */ = {isa = PBXBuildFile; fileRef = C73921661FCD1765004891E6 /* YQLRUManager.m */; };
		C73921731FCD1765004891E6 /* YQDiskCache.m in Sources */ = {isa = PBXBuildFile; fileRef = C73921671FCD1765004891E6 /* YQDiskCache.m */; };
		C73921751FCD1765004891E6 /* YQCacheManager.m in Sources */ = {isa = PBXBuildFile; fileRef = C739216C1FCD1765004891E6 /* YQCacheManager.m */; };
		C73921771FCD1765004891E6 /* YQNetworking.m in Sources */ = {isa = PBXBuildFile; fileRef = C73921711FCD1765004891E6 /* YQNetworking.m */; };
		C739217A1FCD3515004891E6 /* User.m in Sources */ = {isa = PBXBuildFile; fileRef = C73921791FCD3515004891E6 /* User.m */; };
		C73921811FCF8C52004891E6 /* ZBNetwork.m in Sources */ = {isa = PBXBuildFile; fileRef = C73921801FCF8C52004891E6 /* ZBNetwork.m */; };
		C73921871FCFACDD004891E6 /* YQMemoryCache.m in Sources */ = {isa = PBXBuildFile; fileRef = C73921861FCFACDD004891E6 /* YQMemoryCache.m */; };
		C739218A1FCFE5E9004891E6 /* RegisterModel.m in Sources */ = {isa = PBXBuildFile; fileRef = C73921891FCFE5E9004891E6 /* RegisterModel.m */; };
		C739218D1FCFFD0A004891E6 /* ZBNetworkManager.m in Sources */ = {isa = PBXBuildFile; fileRef = C739218C1FCFFD0A004891E6 /* ZBNetworkManager.m */; };
		C73921941FD104A4004891E6 /* ZBUrlArgumentFilter.m in Sources */ = {isa = PBXBuildFile; fileRef = C73921931FD104A4004891E6 /* ZBUrlArgumentFilter.m */; };
		C73921971FD15482004891E6 /* ZBTabBar.m in Sources */ = {isa = PBXBuildFile; fileRef = C73921961FD15482004891E6 /* ZBTabBar.m */; };
		E4D351EFFCD44DD600E7F4A4 /* libPods-zhike.a in Frameworks */ = {isa = PBXBuildFile; fileRef = 871304D3C206358966AD6A85 /* libPods-zhike.a */; };
/* End PBXBuildFile section */

/* Begin PBXContainerItemProxy section */
		C73921171FC7F98A004891E6 /* PBXContainerItemProxy */ = {
			isa = PBXContainerItemProxy;
			containerPortal = C73920F61FC7F98A004891E6 /* Project object */;
			proxyType = 1;
			remoteGlobalIDString = C73920FD1FC7F98A004891E6;
			remoteInfo = zhike;
		};
		C73921221FC7F98A004891E6 /* PBXContainerItemProxy */ = {
			isa = PBXContainerItemProxy;
			containerPortal = C73920F61FC7F98A004891E6 /* Project object */;
			proxyType = 1;
			remoteGlobalIDString = C73920FD1FC7F98A004891E6;
			remoteInfo = zhike;
		};
/* End PBXContainerItemProxy section */

/* Begin PBXFileReference section */
		871304D3C206358966AD6A85 /* libPods-zhike.a */ = {isa = PBXFileReference; explicitFileType = archive.ar; includeInIndex = 0; path = "libPods-zhike.a"; sourceTree = BUILT_PRODUCTS_DIR; };
		8918B24BB3E171BD9FBD7726 /* Pods-zhike.debug.xcconfig */ = {isa = PBXFileReference; includeInIndex = 1; lastKnownFileType = text.xcconfig; name = "Pods-zhike.debug.xcconfig"; path = "Pods/Target Support Files/Pods-zhike/Pods-zhike.debug.xcconfig"; sourceTree = "<group>"; };
		C73920FE1FC7F98A004891E6 /* zhike.app */ = {isa = PBXFileReference; explicitFileType = wrapper.application; includeInIndex = 0; path = zhike.app; sourceTree = BUILT_PRODUCTS_DIR; };
		C73921011FC7F98A004891E6 /* AppDelegate.h */ = {isa = PBXFileReference; lastKnownFileType = sourcecode.c.h; path = AppDelegate.h; sourceTree = "<group>"; };
		C73921021FC7F98A004891E6 /* AppDelegate.m */ = {isa = PBXFileReference; lastKnownFileType = sourcecode.c.objc; path = AppDelegate.m; sourceTree = "<group>"; };
		C739210A1FC7F98A004891E6 /* Assets.xcassets */ = {isa = PBXFileReference; lastKnownFileType = folder.assetcatalog; path = Assets.xcassets; sourceTree = "<group>"; };
		C739210D1FC7F98A004891E6 /* Base */ = {isa = PBXFileReference; lastKnownFileType = file.storyboard; name = Base; path = Base.lproj/LaunchScreen.storyboard; sourceTree = "<group>"; };
		C739210F1FC7F98A004891E6 /* Info.plist */ = {isa = PBXFileReference; lastKnownFileType = text.plist.xml; path = Info.plist; sourceTree = "<group>"; };
		C73921101FC7F98A004891E6 /* main.m */ = {isa = PBXFileReference; lastKnownFileType = sourcecode.c.objc; path = main.m; sourceTree = "<group>"; };
		C73921161FC7F98A004891E6 /* zhikeTests.xctest */ = {isa = PBXFileReference; explicitFileType = wrapper.cfbundle; includeInIndex = 0; path = zhikeTests.xctest; sourceTree = BUILT_PRODUCTS_DIR; };
		C739211A1FC7F98A004891E6 /* zhikeTests.m */ = {isa = PBXFileReference; lastKnownFileType = sourcecode.c.objc; path = zhikeTests.m; sourceTree = "<group>"; };
		C739211C1FC7F98A004891E6 /* Info.plist */ = {isa = PBXFileReference; lastKnownFileType = text.plist.xml; path = Info.plist; sourceTree = "<group>"; };
		C73921211FC7F98A004891E6 /* zhikeUITests.xctest */ = {isa = PBXFileReference; explicitFileType = wrapper.cfbundle; includeInIndex = 0; path = zhikeUITests.xctest; sourceTree = BUILT_PRODUCTS_DIR; };
		C73921251FC7F98B004891E6 /* zhikeUITests.m */ = {isa = PBXFileReference; lastKnownFileType = sourcecode.c.objc; path = zhikeUITests.m; sourceTree = "<group>"; };
		C73921271FC7F98B004891E6 /* Info.plist */ = {isa = PBXFileReference; lastKnownFileType = text.plist.xml; path = Info.plist; sourceTree = "<group>"; };
		C73921331FC7FBA2004891E6 /* BaseNavigationController.h */ = {isa = PBXFileReference; lastKnownFileType = sourcecode.c.h; path = BaseNavigationController.h; sourceTree = "<group>"; };
		C73921341FC7FBA2004891E6 /* BaseNavigationController.m */ = {isa = PBXFileReference; lastKnownFileType = sourcecode.c.objc; path = BaseNavigationController.m; sourceTree = "<group>"; };
		C73921361FC7FBD5004891E6 /* BaseTabBarController.h */ = {isa = PBXFileReference; lastKnownFileType = sourcecode.c.h; path = BaseTabBarController.h; sourceTree = "<group>"; };
		C73921371FC7FBD5004891E6 /* BaseTabBarController.m */ = {isa = PBXFileReference; lastKnownFileType = sourcecode.c.objc; path = BaseTabBarController.m; sourceTree = "<group>"; };
		C73921491FC7FD43004891E6 /* HomeViewController.h */ = {isa = PBXFileReference; lastKnownFileType = sourcecode.c.h; path = HomeViewController.h; sourceTree = "<group>"; };
		C739214A1FC7FD43004891E6 /* HomeViewController.m */ = {isa = PBXFileReference; lastKnownFileType = sourcecode.c.objc; path = HomeViewController.m; sourceTree = "<group>"; };
		C739214B1FC7FD43004891E6 /* HomeViewController.xib */ = {isa = PBXFileReference; lastKnownFileType = file.xib; path = HomeViewController.xib; sourceTree = "<group>"; };
		C739214E1FC7FD56004891E6 /* QuestionViewController.h */ = {isa = PBXFileReference; lastKnownFileType = sourcecode.c.h; path = QuestionViewController.h; sourceTree = "<group>"; };
		C739214F1FC7FD56004891E6 /* QuestionViewController.m */ = {isa = PBXFileReference; lastKnownFileType = sourcecode.c.objc; path = QuestionViewController.m; sourceTree = "<group>"; };
		C73921501FC7FD56004891E6 /* QuestionViewController.xib */ = {isa = PBXFileReference; lastKnownFileType = file.xib; path = QuestionViewController.xib; sourceTree = "<group>"; };
		C73921531FC7FD62004891E6 /* MineViewController.h */ = {isa = PBXFileReference; lastKnownFileType = sourcecode.c.h; path = MineViewController.h; sourceTree = "<group>"; };
		C73921541FC7FD62004891E6 /* MineViewController.m */ = {isa = PBXFileReference; lastKnownFileType = sourcecode.c.objc; path = MineViewController.m; sourceTree = "<group>"; };
		C73921551FC7FD62004891E6 /* MineViewController.xib */ = {isa = PBXFileReference; lastKnownFileType = file.xib; path = MineViewController.xib; sourceTree = "<group>"; };
		C73921641FCD1765004891E6 /* YQNetworking.h */ = {isa = PBXFileReference; fileEncoding = 4; lastKnownFileType = sourcecode.c.h; path = YQNetworking.h; sourceTree = "<group>"; };
		C73921661FCD1765004891E6 /* YQLRUManager.m */ = {isa = PBXFileReference; fileEncoding = 4; lastKnownFileType = sourcecode.c.objc; path = YQLRUManager.m; sourceTree = "<group>"; };
		C73921671FCD1765004891E6 /* YQDiskCache.m */ = {isa = PBXFileReference; fileEncoding = 4; lastKnownFileType = sourcecode.c.objc; path = YQDiskCache.m; sourceTree = "<group>"; };
		C73921691FCD1765004891E6 /* YQCacheManager.h */ = {isa = PBXFileReference; fileEncoding = 4; lastKnownFileType = sourcecode.c.h; path = YQCacheManager.h; sourceTree = "<group>"; };
		C739216A1FCD1765004891E6 /* YQDiskCache.h */ = {isa = PBXFileReference; fileEncoding = 4; lastKnownFileType = sourcecode.c.h; path = YQDiskCache.h; sourceTree = "<group>"; };
		C739216B1FCD1765004891E6 /* YQLRUManager.h */ = {isa = PBXFileReference; fileEncoding = 4; lastKnownFileType = sourcecode.c.h; path = YQLRUManager.h; sourceTree = "<group>"; };
		C739216C1FCD1765004891E6 /* YQCacheManager.m */ = {isa = PBXFileReference; fileEncoding = 4; lastKnownFileType = sourcecode.c.objc; path = YQCacheManager.m; sourceTree = "<group>"; };
		C73921711FCD1765004891E6 /* YQNetworking.m */ = {isa = PBXFileReference; fileEncoding = 4; lastKnownFileType = sourcecode.c.objc; path = YQNetworking.m; sourceTree = "<group>"; };
		C73921781FCD3515004891E6 /* User.h */ = {isa = PBXFileReference; lastKnownFileType = sourcecode.c.h; path = User.h; sourceTree = "<group>"; };
		C73921791FCD3515004891E6 /* User.m */ = {isa = PBXFileReference; lastKnownFileType = sourcecode.c.objc; path = User.m; sourceTree = "<group>"; };
		C739217B1FCE43A0004891E6 /* PrefixHeader.pch */ = {isa = PBXFileReference; lastKnownFileType = sourcecode.c.h; path = PrefixHeader.pch; sourceTree = "<group>"; };
		C739217F1FCF8C52004891E6 /* ZBNetwork.h */ = {isa = PBXFileReference; lastKnownFileType = sourcecode.c.h; path = ZBNetwork.h; sourceTree = "<group>"; };
		C73921801FCF8C52004891E6 /* ZBNetwork.m */ = {isa = PBXFileReference; lastKnownFileType = sourcecode.c.objc; path = ZBNetwork.m; sourceTree = "<group>"; };
		C73921851FCFACDD004891E6 /* YQMemoryCache.h */ = {isa = PBXFileReference; fileEncoding = 4; lastKnownFileType = sourcecode.c.h; path = YQMemoryCache.h; sourceTree = "<group>"; };
		C73921861FCFACDD004891E6 /* YQMemoryCache.m */ = {isa = PBXFileReference; fileEncoding = 4; lastKnownFileType = sourcecode.c.objc; path = YQMemoryCache.m; sourceTree = "<group>"; };
		C73921881FCFE5E9004891E6 /* RegisterModel.h */ = {isa = PBXFileReference; lastKnownFileType = sourcecode.c.h; path = RegisterModel.h; sourceTree = "<group>"; };
		C73921891FCFE5E9004891E6 /* RegisterModel.m */ = {isa = PBXFileReference; lastKnownFileType = sourcecode.c.objc; path = RegisterModel.m; sourceTree = "<group>"; };
		C739218B1FCFFD0A004891E6 /* ZBNetworkManager.h */ = {isa = PBXFileReference; lastKnownFileType = sourcecode.c.h; path = ZBNetworkManager.h; sourceTree = "<group>"; };
		C739218C1FCFFD0A004891E6 /* ZBNetworkManager.m */ = {isa = PBXFileReference; lastKnownFileType = sourcecode.c.objc; path = ZBNetworkManager.m; sourceTree = "<group>"; };
		C73921921FD104A4004891E6 /* ZBUrlArgumentFilter.h */ = {isa = PBXFileReference; lastKnownFileType = sourcecode.c.h; path = ZBUrlArgumentFilter.h; sourceTree = "<group>"; };
		C73921931FD104A4004891E6 /* ZBUrlArgumentFilter.m */ = {isa = PBXFileReference; lastKnownFileType = sourcecode.c.objc; path = ZBUrlArgumentFilter.m; sourceTree = "<group>"; };
		C73921951FD15482004891E6 /* ZBTabBar.h */ = {isa = PBXFileReference; lastKnownFileType = sourcecode.c.h; path = ZBTabBar.h; sourceTree = "<group>"; };
		C73921961FD15482004891E6 /* ZBTabBar.m */ = {isa = PBXFileReference; lastKnownFileType = sourcecode.c.objc; path = ZBTabBar.m; sourceTree = "<group>"; };
		E6BCB10C52F102CFCA4D8FA3 /* Pods-zhike.release.xcconfig */ = {isa = PBXFileReference; includeInIndex = 1; lastKnownFileType = text.xcconfig; name = "Pods-zhike.release.xcconfig"; path = "Pods/Target Support Files/Pods-zhike/Pods-zhike.release.xcconfig"; sourceTree = "<group>"; };
/* End PBXFileReference section */

/* Begin PBXFrameworksBuildPhase section */
		C73920FB1FC7F98A004891E6 /* Frameworks */ = {
			isa = PBXFrameworksBuildPhase;
			buildActionMask = 2147483647;
			files = (
				E4D351EFFCD44DD600E7F4A4 /* libPods-zhike.a in Frameworks */,
			);
			runOnlyForDeploymentPostprocessing = 0;
		};
		C73921131FC7F98A004891E6 /* Frameworks */ = {
			isa = PBXFrameworksBuildPhase;
			buildActionMask = 2147483647;
			files = (
			);
			runOnlyForDeploymentPostprocessing = 0;
		};
		C739211E1FC7F98A004891E6 /* Frameworks */ = {
			isa = PBXFrameworksBuildPhase;
			buildActionMask = 2147483647;
			files = (
			);
			runOnlyForDeploymentPostprocessing = 0;
		};
/* End PBXFrameworksBuildPhase section */

/* Begin PBXGroup section */
		111A89DA8241C8D0FAC355F1 /* Pods */ = {
			isa = PBXGroup;
			children = (
				8918B24BB3E171BD9FBD7726 /* Pods-zhike.debug.xcconfig */,
				E6BCB10C52F102CFCA4D8FA3 /* Pods-zhike.release.xcconfig */,
			);
			name = Pods;
			sourceTree = "<group>";
		};
		3620B1B4B5C6F2717BEE1721 /* Frameworks */ = {
			isa = PBXGroup;
			children = (
				871304D3C206358966AD6A85 /* libPods-zhike.a */,
			);
			name = Frameworks;
			sourceTree = "<group>";
		};
		C73920F51FC7F98A004891E6 = {
			isa = PBXGroup;
			children = (
				C73921001FC7F98A004891E6 /* zhike */,
				C73921191FC7F98A004891E6 /* zhikeTests */,
				C73921241FC7F98A004891E6 /* zhikeUITests */,
				C73920FF1FC7F98A004891E6 /* Products */,
				111A89DA8241C8D0FAC355F1 /* Pods */,
				3620B1B4B5C6F2717BEE1721 /* Frameworks */,
			);
			sourceTree = "<group>";
		};
		C73920FF1FC7F98A004891E6 /* Products */ = {
			isa = PBXGroup;
			children = (
				C73920FE1FC7F98A004891E6 /* zhike.app */,
				C73921161FC7F98A004891E6 /* zhikeTests.xctest */,
				C73921211FC7F98A004891E6 /* zhikeUITests.xctest */,
			);
			name = Products;
			sourceTree = "<group>";
		};
		C73921001FC7F98A004891E6 /* zhike */ = {
			isa = PBXGroup;
			children = (
				C73921011FC7F98A004891E6 /* AppDelegate.h */,
				C73921021FC7F98A004891E6 /* AppDelegate.m */,
				C73921331FC7FBA2004891E6 /* BaseNavigationController.h */,
				C73921341FC7FBA2004891E6 /* BaseNavigationController.m */,
				C73921361FC7FBD5004891E6 /* BaseTabBarController.h */,
				C73921371FC7FBD5004891E6 /* BaseTabBarController.m */,
				C73921951FD15482004891E6 /* ZBTabBar.h */,
				C73921961FD15482004891E6 /* ZBTabBar.m */,
				C739210A1FC7F98A004891E6 /* Assets.xcassets */,
				C739210C1FC7F98A004891E6 /* LaunchScreen.storyboard */,
				C739217B1FCE43A0004891E6 /* PrefixHeader.pch */,
				C739210F1FC7F98A004891E6 /* Info.plist */,
				C73921101FC7F98A004891E6 /* main.m */,
				C73921621FCCFCBF004891E6 /* ThirdLib */,
				C73921611FCCFCBF004891E6 /* Tools */,
				C73921391FC7FC19004891E6 /* Controllers */,
			);
			path = zhike;
			sourceTree = "<group>";
		};
		C73921191FC7F98A004891E6 /* zhikeTests */ = {
			isa = PBXGroup;
			children = (
				C739211A1FC7F98A004891E6 /* zhikeTests.m */,
				C739211C1FC7F98A004891E6 /* Info.plist */,
			);
			path = zhikeTests;
			sourceTree = "<group>";
		};
		C73921241FC7F98A004891E6 /* zhikeUITests */ = {
			isa = PBXGroup;
			children = (
				C73921251FC7F98B004891E6 /* zhikeUITests.m */,
				C73921271FC7F98B004891E6 /* Info.plist */,
			);
			path = zhikeUITests;
			sourceTree = "<group>";
		};
		C73921391FC7FC19004891E6 /* Controllers */ = {
			isa = PBXGroup;
			children = (
				C73921781FCD3515004891E6 /* User.h */,
				C73921791FCD3515004891E6 /* User.m */,
				C73921881FCFE5E9004891E6 /* RegisterModel.h */,
				C73921891FCFE5E9004891E6 /* RegisterModel.m */,
				C73921491FC7FD43004891E6 /* HomeViewController.h */,
				C739214A1FC7FD43004891E6 /* HomeViewController.m */,
				C739214B1FC7FD43004891E6 /* HomeViewController.xib */,
				C739214E1FC7FD56004891E6 /* QuestionViewController.h */,
				C739214F1FC7FD56004891E6 /* QuestionViewController.m */,
				C73921501FC7FD56004891E6 /* QuestionViewController.xib */,
				C73921531FC7FD62004891E6 /* MineViewController.h */,
				C73921541FC7FD62004891E6 /* MineViewController.m */,
				C73921551FC7FD62004891E6 /* MineViewController.xib */,
			);
			path = Controllers;
			sourceTree = "<group>";
		};
		C73921611FCCFCBF004891E6 /* Tools */ = {
			isa = PBXGroup;
			children = (
				C73921911FD10396004891E6 /* NetworkManager */,
				C73921631FCD1765004891E6 /* YQNetworking */,
				C739217F1FCF8C52004891E6 /* ZBNetwork.h */,
				C73921801FCF8C52004891E6 /* ZBNetwork.m */,
				C739218B1FCFFD0A004891E6 /* ZBNetworkManager.h */,
				C739218C1FCFFD0A004891E6 /* ZBNetworkManager.m */,
			);
			path = Tools;
			sourceTree = "<group>";
		};
		C73921621FCCFCBF004891E6 /* ThirdLib */ = {
			isa = PBXGroup;
			children = (
			);
			path = ThirdLib;
			sourceTree = "<group>";
		};
		C73921631FCD1765004891E6 /* YQNetworking */ = {
			isa = PBXGroup;
			children = (
				C73921641FCD1765004891E6 /* YQNetworking.h */,
				C73921711FCD1765004891E6 /* YQNetworking.m */,
				C73921651FCD1765004891E6 /* Cache */,
			);
			path = YQNetworking;
			sourceTree = "<group>";
		};
		C73921651FCD1765004891E6 /* Cache */ = {
			isa = PBXGroup;
			children = (
				C739216B1FCD1765004891E6 /* YQLRUManager.h */,
				C73921661FCD1765004891E6 /* YQLRUManager.m */,
				C739216A1FCD1765004891E6 /* YQDiskCache.h */,
				C73921671FCD1765004891E6 /* YQDiskCache.m */,
				C73921691FCD1765004891E6 /* YQCacheManager.h */,
				C739216C1FCD1765004891E6 /* YQCacheManager.m */,
				C73921851FCFACDD004891E6 /* YQMemoryCache.h */,
				C73921861FCFACDD004891E6 /* YQMemoryCache.m */,
			);
			path = Cache;
			sourceTree = "<group>";
		};
		C73921911FD10396004891E6 /* NetworkManager */ = {
			isa = PBXGroup;
			children = (
				C73921921FD104A4004891E6 /* ZBUrlArgumentFilter.h */,
				C73921931FD104A4004891E6 /* ZBUrlArgumentFilter.m */,
			);
			path = NetworkManager;
			sourceTree = "<group>";
		};
/* End PBXGroup section */

/* Begin PBXNativeTarget section */
		C73920FD1FC7F98A004891E6 /* zhike */ = {
			isa = PBXNativeTarget;
			buildConfigurationList = C739212A1FC7F98B004891E6 /* Build configuration list for PBXNativeTarget "zhike" */;
			buildPhases = (
				57A36F5BDD24FC5D808ED617 /* [CP] Check Pods Manifest.lock */,
				C73920FA1FC7F98A004891E6 /* Sources */,
				C73920FB1FC7F98A004891E6 /* Frameworks */,
				C73920FC1FC7F98A004891E6 /* Resources */,
				3B002A2EBD424440F194150E /* [CP] Embed Pods Frameworks */,
				7CADA42DF30E36318F34B481 /* [CP] Copy Pods Resources */,
			);
			buildRules = (
			);
			dependencies = (
			);
			name = zhike;
			productName = zhike;
			productReference = C73920FE1FC7F98A004891E6 /* zhike.app */;
			productType = "com.apple.product-type.application";
		};
		C73921151FC7F98A004891E6 /* zhikeTests */ = {
			isa = PBXNativeTarget;
			buildConfigurationList = C739212D1FC7F98B004891E6 /* Build configuration list for PBXNativeTarget "zhikeTests" */;
			buildPhases = (
				C73921121FC7F98A004891E6 /* Sources */,
				C73921131FC7F98A004891E6 /* Frameworks */,
				C73921141FC7F98A004891E6 /* Resources */,
			);
			buildRules = (
			);
			dependencies = (
				C73921181FC7F98A004891E6 /* PBXTargetDependency */,
			);
			name = zhikeTests;
			productName = zhikeTests;
			productReference = C73921161FC7F98A004891E6 /* zhikeTests.xctest */;
			productType = "com.apple.product-type.bundle.unit-test";
		};
		C73921201FC7F98A004891E6 /* zhikeUITests */ = {
			isa = PBXNativeTarget;
			buildConfigurationList = C73921301FC7F98B004891E6 /* Build configuration list for PBXNativeTarget "zhikeUITests" */;
			buildPhases = (
				C739211D1FC7F98A004891E6 /* Sources */,
				C739211E1FC7F98A004891E6 /* Frameworks */,
				C739211F1FC7F98A004891E6 /* Resources */,
			);
			buildRules = (
			);
			dependencies = (
				C73921231FC7F98A004891E6 /* PBXTargetDependency */,
			);
			name = zhikeUITests;
			productName = zhikeUITests;
			productReference = C73921211FC7F98A004891E6 /* zhikeUITests.xctest */;
			productType = "com.apple.product-type.bundle.ui-testing";
		};
/* End PBXNativeTarget section */

/* Begin PBXProject section */
		C73920F61FC7F98A004891E6 /* Project object */ = {
			isa = PBXProject;
			attributes = {
				LastUpgradeCheck = 0910;
				ORGANIZATIONNAME = zhoubo;
				TargetAttributes = {
					C73920FD1FC7F98A004891E6 = {
						CreatedOnToolsVersion = 9.1;
						ProvisioningStyle = Automatic;
					};
					C73921151FC7F98A004891E6 = {
						CreatedOnToolsVersion = 9.1;
						ProvisioningStyle = Automatic;
						TestTargetID = C73920FD1FC7F98A004891E6;
					};
					C73921201FC7F98A004891E6 = {
						CreatedOnToolsVersion = 9.1;
						ProvisioningStyle = Automatic;
						TestTargetID = C73920FD1FC7F98A004891E6;
					};
				};
			};
			buildConfigurationList = C73920F91FC7F98A004891E6 /* Build configuration list for PBXProject "zhike" */;
			compatibilityVersion = "Xcode 8.0";
			developmentRegion = en;
			hasScannedForEncodings = 0;
			knownRegions = (
				en,
				Base,
			);
			mainGroup = C73920F51FC7F98A004891E6;
			productRefGroup = C73920FF1FC7F98A004891E6 /* Products */;
			projectDirPath = "";
			projectRoot = "";
			targets = (
				C73920FD1FC7F98A004891E6 /* zhike */,
				C73921151FC7F98A004891E6 /* zhikeTests */,
				C73921201FC7F98A004891E6 /* zhikeUITests */,
			);
		};
/* End PBXProject section */

/* Begin PBXResourcesBuildPhase section */
		C73920FC1FC7F98A004891E6 /* Resources */ = {
			isa = PBXResourcesBuildPhase;
			buildActionMask = 2147483647;
			files = (
				C73921571FC7FD62004891E6 /* MineViewController.xib in Resources */,
				C739210E1FC7F98A004891E6 /* LaunchScreen.storyboard in Resources */,
				C739210B1FC7F98A004891E6 /* Assets.xcassets in Resources */,
				C73921521FC7FD56004891E6 /* QuestionViewController.xib in Resources */,
				C739214D1FC7FD43004891E6 /* HomeViewController.xib in Resources */,
			);
			runOnlyForDeploymentPostprocessing = 0;
		};
		C73921141FC7F98A004891E6 /* Resources */ = {
			isa = PBXResourcesBuildPhase;
			buildActionMask = 2147483647;
			files = (
			);
			runOnlyForDeploymentPostprocessing = 0;
		};
		C739211F1FC7F98A004891E6 /* Resources */ = {
			isa = PBXResourcesBuildPhase;
			buildActionMask = 2147483647;
			files = (
			);
			runOnlyForDeploymentPostprocessing = 0;
		};
/* End PBXResourcesBuildPhase section */

/* Begin PBXShellScriptBuildPhase section */
		3B002A2EBD424440F194150E /* [CP] Embed Pods Frameworks */ = {
			isa = PBXShellScriptBuildPhase;
			buildActionMask = 2147483647;
			files = (
			);
			inputPaths = (
			);
			name = "[CP] Embed Pods Frameworks";
			outputPaths = (
			);
			runOnlyForDeploymentPostprocessing = 0;
			shellPath = /bin/sh;
			shellScript = "\"${SRCROOT}/Pods/Target Support Files/Pods-zhike/Pods-zhike-frameworks.sh\"\n";
			showEnvVarsInLog = 0;
		};
		57A36F5BDD24FC5D808ED617 /* [CP] Check Pods Manifest.lock */ = {
			isa = PBXShellScriptBuildPhase;
			buildActionMask = 2147483647;
			files = (
			);
			inputPaths = (
				"${PODS_PODFILE_DIR_PATH}/Podfile.lock",
				"${PODS_ROOT}/Manifest.lock",
			);
			name = "[CP] Check Pods Manifest.lock";
			outputPaths = (
				"$(DERIVED_FILE_DIR)/Pods-zhike-checkManifestLockResult.txt",
			);
			runOnlyForDeploymentPostprocessing = 0;
			shellPath = /bin/sh;
			shellScript = "diff \"${PODS_PODFILE_DIR_PATH}/Podfile.lock\" \"${PODS_ROOT}/Manifest.lock\" > /dev/null\nif [ $? != 0 ] ; then\n    # print error to STDERR\n    echo \"error: The sandbox is not in sync with the Podfile.lock. Run 'pod install' or update your CocoaPods installation.\" >&2\n    exit 1\nfi\n# This output is used by Xcode 'outputs' to avoid re-running this script phase.\necho \"SUCCESS\" > \"${SCRIPT_OUTPUT_FILE_0}\"\n";
			showEnvVarsInLog = 0;
		};
		7CADA42DF30E36318F34B481 /* [CP] Copy Pods Resources */ = {
			isa = PBXShellScriptBuildPhase;
			buildActionMask = 2147483647;
			files = (
			);
			inputPaths = (
			);
			name = "[CP] Copy Pods Resources";
			outputPaths = (
			);
			runOnlyForDeploymentPostprocessing = 0;
			shellPath = /bin/sh;
			shellScript = "\"${SRCROOT}/Pods/Target Support Files/Pods-zhike/Pods-zhike-resources.sh\"\n";
			showEnvVarsInLog = 0;
		};
/* End PBXShellScriptBuildPhase section */

/* Begin PBXSourcesBuildPhase section */
		C73920FA1FC7F98A004891E6 /* Sources */ = {
			isa = PBXSourcesBuildPhase;
			buildActionMask = 2147483647;
			files = (
				C73921381FC7FBD5004891E6 /* BaseTabBarController.m in Sources */,
				C73921721FCD1765004891E6 /* YQLRUManager.m in Sources */,
				C73921561FC7FD62004891E6 /* MineViewController.m in Sources */,
				C73921731FCD1765004891E6 /* YQDiskCache.m in Sources */,
				C73921111FC7F98A004891E6 /* main.m in Sources */,
				C73921511FC7FD56004891E6 /* QuestionViewController.m in Sources */,
				C739217A1FCD3515004891E6 /* User.m in Sources */,
				C73921811FCF8C52004891E6 /* ZBNetwork.m in Sources */,
				C73921751FCD1765004891E6 /* YQCacheManager.m in Sources */,
				C739218A1FCFE5E9004891E6 /* RegisterModel.m in Sources */,
				C73921871FCFACDD004891E6 /* YQMemoryCache.m in Sources */,
				C73921971FD15482004891E6 /* ZBTabBar.m in Sources */,
				C73921031FC7F98A004891E6 /* AppDelegate.m in Sources */,
				C73921771FCD1765004891E6 /* YQNetworking.m in Sources */,
				C73921941FD104A4004891E6 /* ZBUrlArgumentFilter.m in Sources */,
				C739214C1FC7FD43004891E6 /* HomeViewController.m in Sources */,
				C739218D1FCFFD0A004891E6 /* ZBNetworkManager.m in Sources */,
				C73921351FC7FBA2004891E6 /* BaseNavigationController.m in Sources */,
			);
			runOnlyForDeploymentPostprocessing = 0;
		};
		C73921121FC7F98A004891E6 /* Sources */ = {
			isa = PBXSourcesBuildPhase;
			buildActionMask = 2147483647;
			files = (
				C739211B1FC7F98A004891E6 /* zhikeTests.m in Sources */,
			);
			runOnlyForDeploymentPostprocessing = 0;
		};
		C739211D1FC7F98A004891E6 /* Sources */ = {
			isa = PBXSourcesBuildPhase;
			buildActionMask = 2147483647;
			files = (
				C73921261FC7F98B004891E6 /* zhikeUITests.m in Sources */,
			);
			runOnlyForDeploymentPostprocessing = 0;
		};
/* End PBXSourcesBuildPhase section */

/* Begin PBXTargetDependency section */
		C73921181FC7F98A004891E6 /* PBXTargetDependency */ = {
			isa = PBXTargetDependency;
			target = C73920FD1FC7F98A004891E6 /* zhike */;
			targetProxy = C73921171FC7F98A004891E6 /* PBXContainerItemProxy */;
		};
		C73921231FC7F98A004891E6 /* PBXTargetDependency */ = {
			isa = PBXTargetDependency;
			target = C73920FD1FC7F98A004891E6 /* zhike */;
			targetProxy = C73921221FC7F98A004891E6 /* PBXContainerItemProxy */;
		};
/* End PBXTargetDependency section */

/* Begin PBXVariantGroup section */
		C739210C1FC7F98A004891E6 /* LaunchScreen.storyboard */ = {
			isa = PBXVariantGroup;
			children = (
				C739210D1FC7F98A004891E6 /* Base */,
			);
			name = LaunchScreen.storyboard;
			sourceTree = "<group>";
		};
/* End PBXVariantGroup section */

/* Begin XCBuildConfiguration section */
		C73921281FC7F98B004891E6 /* Debug */ = {
			isa = XCBuildConfiguration;
			buildSettings = {
				ALWAYS_SEARCH_USER_PATHS = NO;
				CLANG_ANALYZER_NONNULL = YES;
				CLANG_ANALYZER_NUMBER_OBJECT_CONVERSION = YES_AGGRESSIVE;
				CLANG_CXX_LANGUAGE_STANDARD = "gnu++14";
				CLANG_CXX_LIBRARY = "libc++";
				CLANG_ENABLE_MODULES = YES;
				CLANG_ENABLE_OBJC_ARC = YES;
				CLANG_WARN_BLOCK_CAPTURE_AUTORELEASING = YES;
				CLANG_WARN_BOOL_CONVERSION = YES;
				CLANG_WARN_COMMA = YES;
				CLANG_WARN_CONSTANT_CONVERSION = YES;
				CLANG_WARN_DIRECT_OBJC_ISA_USAGE = YES_ERROR;
				CLANG_WARN_DOCUMENTATION_COMMENTS = YES;
				CLANG_WARN_EMPTY_BODY = YES;
				CLANG_WARN_ENUM_CONVERSION = YES;
				CLANG_WARN_INFINITE_RECURSION = YES;
				CLANG_WARN_INT_CONVERSION = YES;
				CLANG_WARN_NON_LITERAL_NULL_CONVERSION = YES;
				CLANG_WARN_OBJC_LITERAL_CONVERSION = YES;
				CLANG_WARN_OBJC_ROOT_CLASS = YES_ERROR;
				CLANG_WARN_RANGE_LOOP_ANALYSIS = YES;
				CLANG_WARN_STRICT_PROTOTYPES = YES;
				CLANG_WARN_SUSPICIOUS_MOVE = YES;
				CLANG_WARN_UNGUARDED_AVAILABILITY = YES_AGGRESSIVE;
				CLANG_WARN_UNREACHABLE_CODE = YES;
				CLANG_WARN__DUPLICATE_METHOD_MATCH = YES;
				CODE_SIGN_IDENTITY = "iPhone Developer";
				COPY_PHASE_STRIP = NO;
				DEBUG_INFORMATION_FORMAT = dwarf;
				ENABLE_STRICT_OBJC_MSGSEND = YES;
				ENABLE_TESTABILITY = YES;
				GCC_C_LANGUAGE_STANDARD = gnu11;
				GCC_DYNAMIC_NO_PIC = NO;
				GCC_NO_COMMON_BLOCKS = YES;
				GCC_OPTIMIZATION_LEVEL = 0;
				GCC_PREPROCESSOR_DEFINITIONS = (
					"DEBUG=1",
					"$(inherited)",
				);
				GCC_WARN_64_TO_32_BIT_CONVERSION = YES;
				GCC_WARN_ABOUT_RETURN_TYPE = YES_ERROR;
				GCC_WARN_UNDECLARED_SELECTOR = YES;
				GCC_WARN_UNINITIALIZED_AUTOS = YES_AGGRESSIVE;
				GCC_WARN_UNUSED_FUNCTION = YES;
				GCC_WARN_UNUSED_VARIABLE = YES;
				IPHONEOS_DEPLOYMENT_TARGET = 11.1;
				MTL_ENABLE_DEBUG_INFO = YES;
				ONLY_ACTIVE_ARCH = YES;
				SDKROOT = iphoneos;
			};
			name = Debug;
		};
		C73921291FC7F98B004891E6 /* Release */ = {
			isa = XCBuildConfiguration;
			buildSettings = {
				ALWAYS_SEARCH_USER_PATHS = NO;
				CLANG_ANALYZER_NONNULL = YES;
				CLANG_ANALYZER_NUMBER_OBJECT_CONVERSION = YES_AGGRESSIVE;
				CLANG_CXX_LANGUAGE_STANDARD = "gnu++14";
				CLANG_CXX_LIBRARY = "libc++";
				CLANG_ENABLE_MODULES = YES;
				CLANG_ENABLE_OBJC_ARC = YES;
				CLANG_WARN_BLOCK_CAPTURE_AUTORELEASING = YES;
				CLANG_WARN_BOOL_CONVERSION = YES;
				CLANG_WARN_COMMA = YES;
				CLANG_WARN_CONSTANT_CONVERSION = YES;
				CLANG_WARN_DIRECT_OBJC_ISA_USAGE = YES_ERROR;
				CLANG_WARN_DOCUMENTATION_COMMENTS = YES;
				CLANG_WARN_EMPTY_BODY = YES;
				CLANG_WARN_ENUM_CONVERSION = YES;
				CLANG_WARN_INFINITE_RECURSION = YES;
				CLANG_WARN_INT_CONVERSION = YES;
				CLANG_WARN_NON_LITERAL_NULL_CONVERSION = YES;
				CLANG_WARN_OBJC_LITERAL_CONVERSION = YES;
				CLANG_WARN_OBJC_ROOT_CLASS = YES_ERROR;
				CLANG_WARN_RANGE_LOOP_ANALYSIS = YES;
				CLANG_WARN_STRICT_PROTOTYPES = YES;
				CLANG_WARN_SUSPICIOUS_MOVE = YES;
				CLANG_WARN_UNGUARDED_AVAILABILITY = YES_AGGRESSIVE;
				CLANG_WARN_UNREACHABLE_CODE = YES;
				CLANG_WARN__DUPLICATE_METHOD_MATCH = YES;
				CODE_SIGN_IDENTITY = "iPhone Developer";
				COPY_PHASE_STRIP = NO;
				DEBUG_INFORMATION_FORMAT = "dwarf-with-dsym";
				ENABLE_NS_ASSERTIONS = NO;
				ENABLE_STRICT_OBJC_MSGSEND = YES;
				GCC_C_LANGUAGE_STANDARD = gnu11;
				GCC_NO_COMMON_BLOCKS = YES;
				GCC_WARN_64_TO_32_BIT_CONVERSION = YES;
				GCC_WARN_ABOUT_RETURN_TYPE = YES_ERROR;
				GCC_WARN_UNDECLARED_SELECTOR = YES;
				GCC_WARN_UNINITIALIZED_AUTOS = YES_AGGRESSIVE;
				GCC_WARN_UNUSED_FUNCTION = YES;
				GCC_WARN_UNUSED_VARIABLE = YES;
				IPHONEOS_DEPLOYMENT_TARGET = 11.1;
				MTL_ENABLE_DEBUG_INFO = NO;
				SDKROOT = iphoneos;
				VALIDATE_PRODUCT = YES;
			};
			name = Release;
		};
		C739212B1FC7F98B004891E6 /* Debug */ = {
			isa = XCBuildConfiguration;
			baseConfigurationReference = 8918B24BB3E171BD9FBD7726 /* Pods-zhike.debug.xcconfig */;
			buildSettings = {
				ASSETCATALOG_COMPILER_APPICON_NAME = AppIcon;
				CODE_SIGN_STYLE = Automatic;
				GCC_PREFIX_HEADER = zhike/PrefixHeader.pch;
				INFOPLIST_FILE = zhike/Info.plist;
				IPHONEOS_DEPLOYMENT_TARGET = 9.0;
				LD_RUNPATH_SEARCH_PATHS = "$(inherited) @executable_path/Frameworks";
				ONLY_ACTIVE_ARCH = YES;
				PRODUCT_BUNDLE_IDENTIFIER = com.zhoubo.zhike;
				PRODUCT_NAME = "$(TARGET_NAME)";
				TARGETED_DEVICE_FAMILY = "1,2";
			};
			name = Debug;
		};
		C739212C1FC7F98B004891E6 /* Release */ = {
			isa = XCBuildConfiguration;
			baseConfigurationReference = E6BCB10C52F102CFCA4D8FA3 /* Pods-zhike.release.xcconfig */;
			buildSettings = {
				ASSETCATALOG_COMPILER_APPICON_NAME = AppIcon;
				CODE_SIGN_STYLE = Automatic;
				GCC_PREFIX_HEADER = zhike/PrefixHeader.pch;
				INFOPLIST_FILE = zhike/Info.plist;
				IPHONEOS_DEPLOYMENT_TARGET = 9.0;
				LD_RUNPATH_SEARCH_PATHS = "$(inherited) @executable_path/Frameworks";
				ONLY_ACTIVE_ARCH = NO;
				PRODUCT_BUNDLE_IDENTIFIER = com.zhoubo.zhike;
				PRODUCT_NAME = "$(TARGET_NAME)";
				TARGETED_DEVICE_FAMILY = "1,2";
			};
			name = Release;
		};
		C739212E1FC7F98B004891E6 /* Debug */ = {
			isa = XCBuildConfiguration;
			buildSettings = {
				BUNDLE_LOADER = "$(TEST_HOST)";
				CODE_SIGN_STYLE = Automatic;
				INFOPLIST_FILE = zhikeTests/Info.plist;
				LD_RUNPATH_SEARCH_PATHS = "$(inherited) @executable_path/Frameworks @loader_path/Frameworks";
				PRODUCT_BUNDLE_IDENTIFIER = com.zhoubo.zhikeTests;
				PRODUCT_NAME = "$(TARGET_NAME)";
				TARGETED_DEVICE_FAMILY = "1,2";
				TEST_HOST = "$(BUILT_PRODUCTS_DIR)/zhike.app/zhike";
			};
			name = Debug;
		};
		C739212F1FC7F98B004891E6 /* Release */ = {
			isa = XCBuildConfiguration;
			buildSettings = {
				BUNDLE_LOADER = "$(TEST_HOST)";
				CODE_SIGN_STYLE = Automatic;
				INFOPLIST_FILE = zhikeTests/Info.plist;
				LD_RUNPATH_SEARCH_PATHS = "$(inherited) @executable_path/Frameworks @loader_path/Frameworks";
				PRODUCT_BUNDLE_IDENTIFIER = com.zhoubo.zhikeTests;
				PRODUCT_NAME = "$(TARGET_NAME)";
				TARGETED_DEVICE_FAMILY = "1,2";
				TEST_HOST = "$(BUILT_PRODUCTS_DIR)/zhike.app/zhike";
			};
			name = Release;
		};
		C73921311FC7F98B004891E6 /* Debug */ = {
			isa = XCBuildConfiguration;
			buildSettings = {
				CODE_SIGN_STYLE = Automatic;
				INFOPLIST_FILE = zhikeUITests/Info.plist;
				LD_RUNPATH_SEARCH_PATHS = "$(inherited) @executable_path/Frameworks @loader_path/Frameworks";
				PRODUCT_BUNDLE_IDENTIFIER = com.zhoubo.zhikeUITests;
				PRODUCT_NAME = "$(TARGET_NAME)";
				TARGETED_DEVICE_FAMILY = "1,2";
				TEST_TARGET_NAME = zhike;
			};
			name = Debug;
		};
		C73921321FC7F98B004891E6 /* Release */ = {
			isa = XCBuildConfiguration;
			buildSettings = {
				CODE_SIGN_STYLE = Automatic;
				INFOPLIST_FILE = zhikeUITests/Info.plist;
				LD_RUNPATH_SEARCH_PATHS = "$(inherited) @executable_path/Frameworks @loader_path/Frameworks";
				PRODUCT_BUNDLE_IDENTIFIER = com.zhoubo.zhikeUITests;
				PRODUCT_NAME = "$(TARGET_NAME)";
				TARGETED_DEVICE_FAMILY = "1,2";
				TEST_TARGET_NAME = zhike;
			};
			name = Release;
		};
/* End XCBuildConfiguration section */

/* Begin XCConfigurationList section */
		C73920F91FC7F98A004891E6 /* Build configuration list for PBXProject "zhike" */ = {
			isa = XCConfigurationList;
			buildConfigurations = (
				C73921281FC7F98B004891E6 /* Debug */,
				C73921291FC7F98B004891E6 /* Release */,
			);
			defaultConfigurationIsVisible = 0;
			defaultConfigurationName = Release;
		};
		C739212A1FC7F98B004891E6 /* Build configuration list for PBXNativeTarget "zhike" */ = {
			isa = XCConfigurationList;
			buildConfigurations = (
				C739212B1FC7F98B004891E6 /* Debug */,
				C739212C1FC7F98B004891E6 /* Release */,
			);
			defaultConfigurationIsVisible = 0;
			defaultConfigurationName = Release;
		};
		C739212D1FC7F98B004891E6 /* Build configuration list for PBXNativeTarget "zhikeTests" */ = {
			isa = XCConfigurationList;
			buildConfigurations = (
				C739212E1FC7F98B004891E6 /* Debug */,
				C739212F1FC7F98B004891E6 /* Release */,
			);
			defaultConfigurationIsVisible = 0;
			defaultConfigurationName = Release;
		};
		C73921301FC7F98B004891E6 /* Build configuration list for PBXNativeTarget "zhikeUITests" */ = {
			isa = XCConfigurationList;
			buildConfigurations = (
				C73921311FC7F98B004891E6 /* Debug */,
				C73921321FC7F98B004891E6 /* Release */,
			);
			defaultConfigurationIsVisible = 0;
			defaultConfigurationName = Release;
		};
/* End XCConfigurationList section */
	};
	rootObject = C73920F61FC7F98A004891E6 /* Project object */;
}
